
Microsoft Visual Studio Solution File, Format Version 12.00
# Visual Studio 15
VisualStudioVersion = 15.0.28307.2092
MinimumVisualStudioVersion = 10.0.40219.1
Project("{FAE04EC0-301F-11D3-BF4B-00C04F79EFBC}") = "Island-Boi", "Island-Boi\Island-Boi.csproj", "{E8699A68-0EE0-4251-85A5-ABD58E790C4B}"
EndProject
Global
	GlobalSection(SolutionConfigurationPlatforms) = preSolution
		Debug|Any CPU = Debug|Any CPU
		Release|Any CPU = Release|Any CPU
	EndGlobalSection
	GlobalSection(ProjectConfigurationPlatforms) = postSolution
		{E8699A68-0EE0-4251-85A5-ABD58E790C4B}.Debug|Any CPU.ActiveCfg = Debug|Any CPU
		{E8699A68-0EE0-4251-85A5-ABD58E790C4B}.Debug|Any CPU.Build.0 = Debug|Any CPU
		{E8699A68-0EE0-4251-85A5-ABD58E790C4B}.Release|Any CPU.ActiveCfg = Release|Any CPU
		{E8699A68-0EE0-4251-85A5-ABD58E790C4B}.Release|Any CPU.Build.0 = Release|Any CPU
	EndGlobalSection
	GlobalSection(SolutionProperties) = preSolution
		HideSolutionNode = FALSE
	EndGlobalSection
	GlobalSection(ExtensibilityGlobals) = postSolution
		SolutionGuid = {DE57AE8A-D120-4485-9E22-E8B3953A6B52}
	EndGlobalSection
EndGlobal
